// !$*UTF8*$!
{
	archiveVersion = 1;
	classes = {
	};
	objectVersion = 56;
	objects = {

/* Begin PBXBuildFile section */
		5521E9A3298398CB00FDE360 /* BemobileServiceType.swift in Sources */ = {isa = PBXBuildFile; fileRef = 5521E9A2298398CB00FDE360 /* BemobileServiceType.swift */; };
		5521E9A5298398E300FDE360 /* ResultResponse.swift in Sources */ = {isa = PBXBuildFile; fileRef = 5521E9A4298398E300FDE360 /* ResultResponse.swift */; };
		553613712982585F001469FC /* AppDelegate.swift in Sources */ = {isa = PBXBuildFile; fileRef = 553613702982585F001469FC /* AppDelegate.swift */; };
		553613732982585F001469FC /* SceneDelegate.swift in Sources */ = {isa = PBXBuildFile; fileRef = 553613722982585F001469FC /* SceneDelegate.swift */; };
		5536137A29825861001469FC /* Assets.xcassets in Resources */ = {isa = PBXBuildFile; fileRef = 5536137929825861001469FC /* Assets.xcassets */; };
		5536137D29825861001469FC /* LaunchScreen.storyboard in Resources */ = {isa = PBXBuildFile; fileRef = 5536137B29825861001469FC /* LaunchScreen.storyboard */; };
		5536138829825862001469FC /* BemobileTests.swift in Sources */ = {isa = PBXBuildFile; fileRef = 5536138729825862001469FC /* BemobileTests.swift */; };
		5536139229825862001469FC /* BemobileUITests.swift in Sources */ = {isa = PBXBuildFile; fileRef = 5536139129825862001469FC /* BemobileUITests.swift */; };
		5536139429825862001469FC /* BemobileUITestsLaunchTests.swift in Sources */ = {isa = PBXBuildFile; fileRef = 5536139329825862001469FC /* BemobileUITestsLaunchTests.swift */; };
		553613A9298258F9001469FC /* HomeRouter.swift in Sources */ = {isa = PBXBuildFile; fileRef = 553613A5298258F9001469FC /* HomeRouter.swift */; };
		553613AA298258F9001469FC /* HomeViewController.swift in Sources */ = {isa = PBXBuildFile; fileRef = 553613A6298258F9001469FC /* HomeViewController.swift */; };
		553613AB298258F9001469FC /* HomeViewModel.swift in Sources */ = {isa = PBXBuildFile; fileRef = 553613A7298258F9001469FC /* HomeViewModel.swift */; };
		553613AC298258F9001469FC /* HomeViewController.xib in Resources */ = {isa = PBXBuildFile; fileRef = 553613A8298258F9001469FC /* HomeViewController.xib */; };
		553613B12982590F001469FC /* DetailsRouter.swift in Sources */ = {isa = PBXBuildFile; fileRef = 553613AD2982590F001469FC /* DetailsRouter.swift */; };
		553613B22982590F001469FC /* DetailsViewController.swift in Sources */ = {isa = PBXBuildFile; fileRef = 553613AE2982590F001469FC /* DetailsViewController.swift */; };
		553613B32982590F001469FC /* DetailsViewModel.swift in Sources */ = {isa = PBXBuildFile; fileRef = 553613AF2982590F001469FC /* DetailsViewModel.swift */; };
		553613B42982590F001469FC /* DetailsViewController.xib in Resources */ = {isa = PBXBuildFile; fileRef = 553613B02982590F001469FC /* DetailsViewController.xib */; };
		553613B629831235001469FC /* APIErrorResponse.swift in Sources */ = {isa = PBXBuildFile; fileRef = 553613B529831235001469FC /* APIErrorResponse.swift */; };
		EC8CCC312982C26F003803D8 /* RateModel.swift in Sources */ = {isa = PBXBuildFile; fileRef = EC8CCC302982C26F003803D8 /* RateModel.swift */; };
		EC8CD68029826AB000429FB7 /* TransactionModel.swift in Sources */ = {isa = PBXBuildFile; fileRef = EC8CD67F29826AB000429FB7 /* TransactionModel.swift */; };
		EC8CD68229826D6000429FB7 /* BemobileService.swift in Sources */ = {isa = PBXBuildFile; fileRef = EC8CD68129826D6000429FB7 /* BemobileService.swift */; };
/* End PBXBuildFile section */

/* Begin PBXContainerItemProxy section */
		5536138429825861001469FC /* PBXContainerItemProxy */ = {
			isa = PBXContainerItemProxy;
			containerPortal = 553613652982585F001469FC /* Project object */;
			proxyType = 1;
			remoteGlobalIDString = 5536136C2982585F001469FC;
			remoteInfo = Bemobile;
		};
		5536138E29825862001469FC /* PBXContainerItemProxy */ = {
			isa = PBXContainerItemProxy;
			containerPortal = 553613652982585F001469FC /* Project object */;
			proxyType = 1;
			remoteGlobalIDString = 5536136C2982585F001469FC;
			remoteInfo = Bemobile;
		};
/* End PBXContainerItemProxy section */

/* Begin PBXFileReference section */
		5521E9A2298398CB00FDE360 /* BemobileServiceType.swift */ = {isa = PBXFileReference; lastKnownFileType = sourcecode.swift; path = BemobileServiceType.swift; sourceTree = "<group>"; };
		5521E9A4298398E300FDE360 /* ResultResponse.swift */ = {isa = PBXFileReference; lastKnownFileType = sourcecode.swift; path = ResultResponse.swift; sourceTree = "<group>"; };
		5536136D2982585F001469FC /* Bemobile.app */ = {isa = PBXFileReference; explicitFileType = wrapper.application; includeInIndex = 0; path = Bemobile.app; sourceTree = BUILT_PRODUCTS_DIR; };
		553613702982585F001469FC /* AppDelegate.swift */ = {isa = PBXFileReference; lastKnownFileType = sourcecode.swift; path = AppDelegate.swift; sourceTree = "<group>"; };
		553613722982585F001469FC /* SceneDelegate.swift */ = {isa = PBXFileReference; lastKnownFileType = sourcecode.swift; path = SceneDelegate.swift; sourceTree = "<group>"; };
		5536137929825861001469FC /* Assets.xcassets */ = {isa = PBXFileReference; lastKnownFileType = folder.assetcatalog; path = Assets.xcassets; sourceTree = "<group>"; };
		5536137C29825861001469FC /* Base */ = {isa = PBXFileReference; lastKnownFileType = file.storyboard; name = Base; path = Base.lproj/LaunchScreen.storyboard; sourceTree = "<group>"; };
		5536137E29825861001469FC /* Info.plist */ = {isa = PBXFileReference; lastKnownFileType = text.plist.xml; path = Info.plist; sourceTree = "<group>"; };
		5536138329825861001469FC /* BemobileTests.xctest */ = {isa = PBXFileReference; explicitFileType = wrapper.cfbundle; includeInIndex = 0; path = BemobileTests.xctest; sourceTree = BUILT_PRODUCTS_DIR; };
		5536138729825862001469FC /* BemobileTests.swift */ = {isa = PBXFileReference; lastKnownFileType = sourcecode.swift; path = BemobileTests.swift; sourceTree = "<group>"; };
		5536138D29825862001469FC /* BemobileUITests.xctest */ = {isa = PBXFileReference; explicitFileType = wrapper.cfbundle; includeInIndex = 0; path = BemobileUITests.xctest; sourceTree = BUILT_PRODUCTS_DIR; };
		5536139129825862001469FC /* BemobileUITests.swift */ = {isa = PBXFileReference; lastKnownFileType = sourcecode.swift; path = BemobileUITests.swift; sourceTree = "<group>"; };
		5536139329825862001469FC /* BemobileUITestsLaunchTests.swift */ = {isa = PBXFileReference; lastKnownFileType = sourcecode.swift; path = BemobileUITestsLaunchTests.swift; sourceTree = "<group>"; };
		553613A5298258F9001469FC /* HomeRouter.swift */ = {isa = PBXFileReference; lastKnownFileType = sourcecode.swift; path = HomeRouter.swift; sourceTree = "<group>"; };
		553613A6298258F9001469FC /* HomeViewController.swift */ = {isa = PBXFileReference; lastKnownFileType = sourcecode.swift; path = HomeViewController.swift; sourceTree = "<group>"; };
		553613A7298258F9001469FC /* HomeViewModel.swift */ = {isa = PBXFileReference; lastKnownFileType = sourcecode.swift; path = HomeViewModel.swift; sourceTree = "<group>"; };
		553613A8298258F9001469FC /* HomeViewController.xib */ = {isa = PBXFileReference; lastKnownFileType = file.xib; path = HomeViewController.xib; sourceTree = "<group>"; };
		553613AD2982590F001469FC /* DetailsRouter.swift */ = {isa = PBXFileReference; lastKnownFileType = sourcecode.swift; path = DetailsRouter.swift; sourceTree = "<group>"; };
		553613AE2982590F001469FC /* DetailsViewController.swift */ = {isa = PBXFileReference; lastKnownFileType = sourcecode.swift; path = DetailsViewController.swift; sourceTree = "<group>"; };
		553613AF2982590F001469FC /* DetailsViewModel.swift */ = {isa = PBXFileReference; lastKnownFileType = sourcecode.swift; path = DetailsViewModel.swift; sourceTree = "<group>"; };
		553613B02982590F001469FC /* DetailsViewController.xib */ = {isa = PBXFileReference; lastKnownFileType = file.xib; path = DetailsViewController.xib; sourceTree = "<group>"; };
		553613B529831235001469FC /* APIErrorResponse.swift */ = {isa = PBXFileReference; lastKnownFileType = sourcecode.swift; path = APIErrorResponse.swift; sourceTree = "<group>"; };
		EC8CCC302982C26F003803D8 /* RateModel.swift */ = {isa = PBXFileReference; lastKnownFileType = sourcecode.swift; path = RateModel.swift; sourceTree = "<group>"; };
		EC8CD67F29826AB000429FB7 /* TransactionModel.swift */ = {isa = PBXFileReference; lastKnownFileType = sourcecode.swift; path = TransactionModel.swift; sourceTree = "<group>"; };
		EC8CD68129826D6000429FB7 /* BemobileService.swift */ = {isa = PBXFileReference; lastKnownFileType = sourcecode.swift; path = BemobileService.swift; sourceTree = "<group>"; };
/* End PBXFileReference section */

/* Begin PBXFrameworksBuildPhase section */
		5536136A2982585F001469FC /* Frameworks */ = {
			isa = PBXFrameworksBuildPhase;
			buildActionMask = 2147483647;
			files = (
			);
			runOnlyForDeploymentPostprocessing = 0;
		};
		5536138029825861001469FC /* Frameworks */ = {
			isa = PBXFrameworksBuildPhase;
			buildActionMask = 2147483647;
			files = (
			);
			runOnlyForDeploymentPostprocessing = 0;
		};
		5536138A29825862001469FC /* Frameworks */ = {
			isa = PBXFrameworksBuildPhase;
			buildActionMask = 2147483647;
			files = (
			);
			runOnlyForDeploymentPostprocessing = 0;
		};
/* End PBXFrameworksBuildPhase section */

/* Begin PBXGroup section */
		553613642982585F001469FC = {
			isa = PBXGroup;
			children = (
				5536136F2982585F001469FC /* Bemobile */,
				5536138629825862001469FC /* BemobileTests */,
				5536139029825862001469FC /* BemobileUITests */,
				5536136E2982585F001469FC /* Products */,
			);
			sourceTree = "<group>";
		};
		5536136E2982585F001469FC /* Products */ = {
			isa = PBXGroup;
			children = (
				5536136D2982585F001469FC /* Bemobile.app */,
				5536138329825861001469FC /* BemobileTests.xctest */,
				5536138D29825862001469FC /* BemobileUITests.xctest */,
			);
			name = Products;
			sourceTree = "<group>";
		};
		5536136F2982585F001469FC /* Bemobile */ = {
			isa = PBXGroup;
			children = (
				553613A02982588D001469FC /* App */,
				EC8CCC322982CFF3003803D8 /* Service */,
				EC8CD67C2982693E00429FB7 /* Model */,
				553613A2298258B3001469FC /* UI */,
				553613A12982589C001469FC /* Resources */,
				5536137E29825861001469FC /* Info.plist */,
			);
			path = Bemobile;
			sourceTree = "<group>";
		};
		5536138629825862001469FC /* BemobileTests */ = {
			isa = PBXGroup;
			children = (
				5536138729825862001469FC /* BemobileTests.swift */,
			);
			path = BemobileTests;
			sourceTree = "<group>";
		};
		5536139029825862001469FC /* BemobileUITests */ = {
			isa = PBXGroup;
			children = (
				5536139129825862001469FC /* BemobileUITests.swift */,
				5536139329825862001469FC /* BemobileUITestsLaunchTests.swift */,
			);
			path = BemobileUITests;
			sourceTree = "<group>";
		};
		553613A02982588D001469FC /* App */ = {
			isa = PBXGroup;
			children = (
				553613702982585F001469FC /* AppDelegate.swift */,
				553613722982585F001469FC /* SceneDelegate.swift */,
			);
			path = App;
			sourceTree = "<group>";
		};
		553613A12982589C001469FC /* Resources */ = {
			isa = PBXGroup;
			children = (
				5536137929825861001469FC /* Assets.xcassets */,
				5536137B29825861001469FC /* LaunchScreen.storyboard */,
			);
			path = Resources;
			sourceTree = "<group>";
		};
		553613A2298258B3001469FC /* UI */ = {
			isa = PBXGroup;
			children = (
				553613A4298258D8001469FC /* DetailsView */,
				553613A3298258C3001469FC /* HomeView */,
			);
			path = UI;
			sourceTree = "<group>";
		};
		553613A3298258C3001469FC /* HomeView */ = {
			isa = PBXGroup;
			children = (
				553613A5298258F9001469FC /* HomeRouter.swift */,
				553613A7298258F9001469FC /* HomeViewModel.swift */,
				553613A6298258F9001469FC /* HomeViewController.swift */,
				553613A8298258F9001469FC /* HomeViewController.xib */,
			);
			path = HomeView;
			sourceTree = "<group>";
		};
		553613A4298258D8001469FC /* DetailsView */ = {
			isa = PBXGroup;
			children = (
				553613AD2982590F001469FC /* DetailsRouter.swift */,
				553613AF2982590F001469FC /* DetailsViewModel.swift */,
				553613AE2982590F001469FC /* DetailsViewController.swift */,
				553613B02982590F001469FC /* DetailsViewController.xib */,
			);
			path = DetailsView;
			sourceTree = "<group>";
		};
		EC8CCC322982CFF3003803D8 /* Service */ = {
			isa = PBXGroup;
			children = (
				553613B529831235001469FC /* APIErrorResponse.swift */,
				EC8CD68129826D6000429FB7 /* BemobileService.swift */,
				5521E9A2298398CB00FDE360 /* BemobileServiceType.swift */,
				5521E9A4298398E300FDE360 /* ResultResponse.swift */,
			);
			name = Service;
			path = App/Service;
			sourceTree = "<group>";
		};
		EC8CD67C2982693E00429FB7 /* Model */ = {
			isa = PBXGroup;
			children = (
				EC8CD67F29826AB000429FB7 /* TransactionModel.swift */,
				EC8CCC302982C26F003803D8 /* RateModel.swift */,
			);
			path = Model;
			sourceTree = "<group>";
		};
/* End PBXGroup section */

/* Begin PBXNativeTarget section */
		5536136C2982585F001469FC /* Bemobile */ = {
			isa = PBXNativeTarget;
			buildConfigurationList = 5536139729825862001469FC /* Build configuration list for PBXNativeTarget "Bemobile" */;
			buildPhases = (
				553613692982585F001469FC /* Sources */,
				5536136A2982585F001469FC /* Frameworks */,
				5536136B2982585F001469FC /* Resources */,
			);
			buildRules = (
			);
			dependencies = (
			);
			name = Bemobile;
			productName = Bemobile;
			productReference = 5536136D2982585F001469FC /* Bemobile.app */;
			productType = "com.apple.product-type.application";
		};
		5536138229825861001469FC /* BemobileTests */ = {
			isa = PBXNativeTarget;
			buildConfigurationList = 5536139A29825862001469FC /* Build configuration list for PBXNativeTarget "BemobileTests" */;
			buildPhases = (
				5536137F29825861001469FC /* Sources */,
				5536138029825861001469FC /* Frameworks */,
				5536138129825861001469FC /* Resources */,
			);
			buildRules = (
			);
			dependencies = (
				5536138529825861001469FC /* PBXTargetDependency */,
			);
			name = BemobileTests;
			productName = BemobileTests;
			productReference = 5536138329825861001469FC /* BemobileTests.xctest */;
			productType = "com.apple.product-type.bundle.unit-test";
		};
		5536138C29825862001469FC /* BemobileUITests */ = {
			isa = PBXNativeTarget;
			buildConfigurationList = 5536139D29825862001469FC /* Build configuration list for PBXNativeTarget "BemobileUITests" */;
			buildPhases = (
				5536138929825862001469FC /* Sources */,
				5536138A29825862001469FC /* Frameworks */,
				5536138B29825862001469FC /* Resources */,
			);
			buildRules = (
			);
			dependencies = (
				5536138F29825862001469FC /* PBXTargetDependency */,
			);
			name = BemobileUITests;
			productName = BemobileUITests;
			productReference = 5536138D29825862001469FC /* BemobileUITests.xctest */;
			productType = "com.apple.product-type.bundle.ui-testing";
		};
/* End PBXNativeTarget section */

/* Begin PBXProject section */
		553613652982585F001469FC /* Project object */ = {
			isa = PBXProject;
			attributes = {
				BuildIndependentTargetsInParallel = 1;
				LastSwiftUpdateCheck = 1420;
				LastUpgradeCheck = 1420;
				TargetAttributes = {
					5536136C2982585F001469FC = {
						CreatedOnToolsVersion = 14.2;
					};
					5536138229825861001469FC = {
						CreatedOnToolsVersion = 14.2;
						TestTargetID = 5536136C2982585F001469FC;
					};
					5536138C29825862001469FC = {
						CreatedOnToolsVersion = 14.2;
						TestTargetID = 5536136C2982585F001469FC;
					};
				};
			};
			buildConfigurationList = 553613682982585F001469FC /* Build configuration list for PBXProject "Bemobile" */;
			compatibilityVersion = "Xcode 14.0";
			developmentRegion = en;
			hasScannedForEncodings = 0;
			knownRegions = (
				en,
				Base,
			);
			mainGroup = 553613642982585F001469FC;
			productRefGroup = 5536136E2982585F001469FC /* Products */;
			projectDirPath = "";
			projectRoot = "";
			targets = (
				5536136C2982585F001469FC /* Bemobile */,
				5536138229825861001469FC /* BemobileTests */,
				5536138C29825862001469FC /* BemobileUITests */,
			);
		};
/* End PBXProject section */

/* Begin PBXResourcesBuildPhase section */
		5536136B2982585F001469FC /* Resources */ = {
			isa = PBXResourcesBuildPhase;
			buildActionMask = 2147483647;
			files = (
				5536137D29825861001469FC /* LaunchScreen.storyboard in Resources */,
				5536137A29825861001469FC /* Assets.xcassets in Resources */,
				553613AC298258F9001469FC /* HomeViewController.xib in Resources */,
				553613B42982590F001469FC /* DetailsViewController.xib in Resources */,
			);
			runOnlyForDeploymentPostprocessing = 0;
		};
		5536138129825861001469FC /* Resources */ = {
			isa = PBXResourcesBuildPhase;
			buildActionMask = 2147483647;
			files = (
			);
			runOnlyForDeploymentPostprocessing = 0;
		};
		5536138B29825862001469FC /* Resources */ = {
			isa = PBXResourcesBuildPhase;
			buildActionMask = 2147483647;
			files = (
			);
			runOnlyForDeploymentPostprocessing = 0;
		};
/* End PBXResourcesBuildPhase section */

/* Begin PBXSourcesBuildPhase section */
		553613692982585F001469FC /* Sources */ = {
			isa = PBXSourcesBuildPhase;
			buildActionMask = 2147483647;
			files = (
				553613712982585F001469FC /* AppDelegate.swift in Sources */,
				553613B12982590F001469FC /* DetailsRouter.swift in Sources */,
				EC8CD68029826AB000429FB7 /* TransactionModel.swift in Sources */,
				553613A9298258F9001469FC /* HomeRouter.swift in Sources */,
				553613B32982590F001469FC /* DetailsViewModel.swift in Sources */,
				553613732982585F001469FC /* SceneDelegate.swift in Sources */,
				5521E9A3298398CB00FDE360 /* BemobileServiceType.swift in Sources */,
				EC8CD68229826D6000429FB7 /* BemobileService.swift in Sources */,
				EC8CCC312982C26F003803D8 /* RateModel.swift in Sources */,
				5521E9A5298398E300FDE360 /* ResultResponse.swift in Sources */,
				553613B629831235001469FC /* APIErrorResponse.swift in Sources */,
				553613B22982590F001469FC /* DetailsViewController.swift in Sources */,
				553613AB298258F9001469FC /* HomeViewModel.swift in Sources */,
				553613AA298258F9001469FC /* HomeViewController.swift in Sources */,
			);
			runOnlyForDeploymentPostprocessing = 0;
		};
		5536137F29825861001469FC /* Sources */ = {
			isa = PBXSourcesBuildPhase;
			buildActionMask = 2147483647;
			files = (
				5536138829825862001469FC /* BemobileTests.swift in Sources */,
			);
			runOnlyForDeploymentPostprocessing = 0;
		};
		5536138929825862001469FC /* Sources */ = {
			isa = PBXSourcesBuildPhase;
			buildActionMask = 2147483647;
			files = (
				5536139429825862001469FC /* BemobileUITestsLaunchTests.swift in Sources */,
				5536139229825862001469FC /* BemobileUITests.swift in Sources */,
			);
			runOnlyForDeploymentPostprocessing = 0;
		};
/* End PBXSourcesBuildPhase section */

/* Begin PBXTargetDependency section */
		5536138529825861001469FC /* PBXTargetDependency */ = {
			isa = PBXTargetDependency;
			target = 5536136C2982585F001469FC /* Bemobile */;
			targetProxy = 5536138429825861001469FC /* PBXContainerItemProxy */;
		};
		5536138F29825862001469FC /* PBXTargetDependency */ = {
			isa = PBXTargetDependency;
			target = 5536136C2982585F001469FC /* Bemobile */;
			targetProxy = 5536138E29825862001469FC /* PBXContainerItemProxy */;
		};
/* End PBXTargetDependency section */

/* Begin PBXVariantGroup section */
		5536137B29825861001469FC /* LaunchScreen.storyboard */ = {
			isa = PBXVariantGroup;
			children = (
				5536137C29825861001469FC /* Base */,
			);
			name = LaunchScreen.storyboard;
			sourceTree = "<group>";
		};
/* End PBXVariantGroup section */

/* Begin XCBuildConfiguration section */
		5536139529825862001469FC /* Debug */ = {
			isa = XCBuildConfiguration;
			buildSettings = {
				ALWAYS_SEARCH_USER_PATHS = NO;
				CLANG_ANALYZER_NONNULL = YES;
				CLANG_ANALYZER_NUMBER_OBJECT_CONVERSION = YES_AGGRESSIVE;
				CLANG_CXX_LANGUAGE_STANDARD = "gnu++20";
				CLANG_ENABLE_MODULES = YES;
				CLANG_ENABLE_OBJC_ARC = YES;
				CLANG_ENABLE_OBJC_WEAK = YES;
				CLANG_WARN_BLOCK_CAPTURE_AUTORELEASING = YES;
				CLANG_WARN_BOOL_CONVERSION = YES;
				CLANG_WARN_COMMA = YES;
				CLANG_WARN_CONSTANT_CONVERSION = YES;
				CLANG_WARN_DEPRECATED_OBJC_IMPLEMENTATIONS = YES;
				CLANG_WARN_DIRECT_OBJC_ISA_USAGE = YES_ERROR;
				CLANG_WARN_DOCUMENTATION_COMMENTS = YES;
				CLANG_WARN_EMPTY_BODY = YES;
				CLANG_WARN_ENUM_CONVERSION = YES;
				CLANG_WARN_INFINITE_RECURSION = YES;
				CLANG_WARN_INT_CONVERSION = YES;
				CLANG_WARN_NON_LITERAL_NULL_CONVERSION = YES;
				CLANG_WARN_OBJC_IMPLICIT_RETAIN_SELF = YES;
				CLANG_WARN_OBJC_LITERAL_CONVERSION = YES;
				CLANG_WARN_OBJC_ROOT_CLASS = YES_ERROR;
				CLANG_WARN_QUOTED_INCLUDE_IN_FRAMEWORK_HEADER = YES;
				CLANG_WARN_RANGE_LOOP_ANALYSIS = YES;
				CLANG_WARN_STRICT_PROTOTYPES = YES;
				CLANG_WARN_SUSPICIOUS_MOVE = YES;
				CLANG_WARN_UNGUARDED_AVAILABILITY = YES_AGGRESSIVE;
				CLANG_WARN_UNREACHABLE_CODE = YES;
				CLANG_WARN__DUPLICATE_METHOD_MATCH = YES;
				COPY_PHASE_STRIP = NO;
				DEBUG_INFORMATION_FORMAT = dwarf;
				ENABLE_STRICT_OBJC_MSGSEND = YES;
				ENABLE_TESTABILITY = YES;
				GCC_C_LANGUAGE_STANDARD = gnu11;
				GCC_DYNAMIC_NO_PIC = NO;
				GCC_NO_COMMON_BLOCKS = YES;
				GCC_OPTIMIZATION_LEVEL = 0;
				GCC_PREPROCESSOR_DEFINITIONS = (
					"DEBUG=1",
					"$(inherited)",
				);
				GCC_WARN_64_TO_32_BIT_CONVERSION = YES;
				GCC_WARN_ABOUT_RETURN_TYPE = YES_ERROR;
				GCC_WARN_UNDECLARED_SELECTOR = YES;
				GCC_WARN_UNINITIALIZED_AUTOS = YES_AGGRESSIVE;
				GCC_WARN_UNUSED_FUNCTION = YES;
				GCC_WARN_UNUSED_VARIABLE = YES;
				IPHONEOS_DEPLOYMENT_TARGET = 14.0;
				MTL_ENABLE_DEBUG_INFO = INCLUDE_SOURCE;
				MTL_FAST_MATH = YES;
				ONLY_ACTIVE_ARCH = YES;
				SDKROOT = iphoneos;
				SWIFT_ACTIVE_COMPILATION_CONDITIONS = DEBUG;
				SWIFT_OPTIMIZATION_LEVEL = "-Onone";
			};
			name = Debug;
		};
		5536139629825862001469FC /* Release */ = {
			isa = XCBuildConfiguration;
			buildSettings = {
				ALWAYS_SEARCH_USER_PATHS = NO;
				CLANG_ANALYZER_NONNULL = YES;
				CLANG_ANALYZER_NUMBER_OBJECT_CONVERSION = YES_AGGRESSIVE;
				CLANG_CXX_LANGUAGE_STANDARD = "gnu++20";
				CLANG_ENABLE_MODULES = YES;
				CLANG_ENABLE_OBJC_ARC = YES;
				CLANG_ENABLE_OBJC_WEAK = YES;
				CLANG_WARN_BLOCK_CAPTURE_AUTORELEASING = YES;
				CLANG_WARN_BOOL_CONVERSION = YES;
				CLANG_WARN_COMMA = YES;
				CLANG_WARN_CONSTANT_CONVERSION = YES;
				CLANG_WARN_DEPRECATED_OBJC_IMPLEMENTATIONS = YES;
				CLANG_WARN_DIRECT_OBJC_ISA_USAGE = YES_ERROR;
				CLANG_WARN_DOCUMENTATION_COMMENTS = YES;
				CLANG_WARN_EMPTY_BODY = YES;
				CLANG_WARN_ENUM_CONVERSION = YES;
				CLANG_WARN_INFINITE_RECURSION = YES;
				CLANG_WARN_INT_CONVERSION = YES;
				CLANG_WARN_NON_LITERAL_NULL_CONVERSION = YES;
				CLANG_WARN_OBJC_IMPLICIT_RETAIN_SELF = YES;
				CLANG_WARN_OBJC_LITERAL_CONVERSION = YES;
				CLANG_WARN_OBJC_ROOT_CLASS = YES_ERROR;
				CLANG_WARN_QUOTED_INCLUDE_IN_FRAMEWORK_HEADER = YES;
				CLANG_WARN_RANGE_LOOP_ANALYSIS = YES;
				CLANG_WARN_STRICT_PROTOTYPES = YES;
				CLANG_WARN_SUSPICIOUS_MOVE = YES;
				CLANG_WARN_UNGUARDED_AVAILABILITY = YES_AGGRESSIVE;
				CLANG_WARN_UNREACHABLE_CODE = YES;
				CLANG_WARN__DUPLICATE_METHOD_MATCH = YES;
				COPY_PHASE_STRIP = NO;
				DEBUG_INFORMATION_FORMAT = "dwarf-with-dsym";
				ENABLE_NS_ASSERTIONS = NO;
				ENABLE_STRICT_OBJC_MSGSEND = YES;
				GCC_C_LANGUAGE_STANDARD = gnu11;
				GCC_NO_COMMON_BLOCKS = YES;
				GCC_WARN_64_TO_32_BIT_CONVERSION = YES;
				GCC_WARN_ABOUT_RETURN_TYPE = YES_ERROR;
				GCC_WARN_UNDECLARED_SELECTOR = YES;
				GCC_WARN_UNINITIALIZED_AUTOS = YES_AGGRESSIVE;
				GCC_WARN_UNUSED_FUNCTION = YES;
				GCC_WARN_UNUSED_VARIABLE = YES;
				IPHONEOS_DEPLOYMENT_TARGET = 14.0;
				MTL_ENABLE_DEBUG_INFO = NO;
				MTL_FAST_MATH = YES;
				SDKROOT = iphoneos;
				SWIFT_COMPILATION_MODE = wholemodule;
				SWIFT_OPTIMIZATION_LEVEL = "-O";
				VALIDATE_PRODUCT = YES;
			};
			name = Release;
		};
		5536139829825862001469FC /* Debug */ = {
			isa = XCBuildConfiguration;
			buildSettings = {
				ASSETCATALOG_COMPILER_APPICON_NAME = AppIcon;
				ASSETCATALOG_COMPILER_GLOBAL_ACCENT_COLOR_NAME = AccentColor;
				CODE_SIGN_STYLE = Automatic;
				CURRENT_PROJECT_VERSION = 1;
				GENERATE_INFOPLIST_FILE = YES;
				INFOPLIST_FILE = Bemobile/Info.plist;
				INFOPLIST_KEY_UIApplicationSupportsIndirectInputEvents = YES;
				INFOPLIST_KEY_UILaunchStoryboardName = LaunchScreen;
				INFOPLIST_KEY_UISupportedInterfaceOrientations_iPad = "UIInterfaceOrientationPortrait UIInterfaceOrientationPortraitUpsideDown UIInterfaceOrientationLandscapeLeft UIInterfaceOrientationLandscapeRight";
				INFOPLIST_KEY_UISupportedInterfaceOrientations_iPhone = "UIInterfaceOrientationPortrait UIInterfaceOrientationLandscapeLeft UIInterfaceOrientationLandscapeRight";
				IPHONEOS_DEPLOYMENT_TARGET = 14.0;
				LD_RUNPATH_SEARCH_PATHS = (
					"$(inherited)",
					"@executable_path/Frameworks",
				);
				MARKETING_VERSION = 1.0;
				PRODUCT_BUNDLE_IDENTIFIER = oscargarrucho.Bemobile;
				PRODUCT_NAME = "$(TARGET_NAME)";
				SWIFT_EMIT_LOC_STRINGS = YES;
				SWIFT_VERSION = 5.0;
				TARGETED_DEVICE_FAMILY = "1,2";
			};
			name = Debug;
		};
		5536139929825862001469FC /* Release */ = {
			isa = XCBuildConfiguration;
			buildSettings = {
				ASSETCATALOG_COMPILER_APPICON_NAME = AppIcon;
				ASSETCATALOG_COMPILER_GLOBAL_ACCENT_COLOR_NAME = AccentColor;
				CODE_SIGN_STYLE = Automatic;
				CURRENT_PROJECT_VERSION = 1;
				GENERATE_INFOPLIST_FILE = YES;
				INFOPLIST_FILE = Bemobile/Info.plist;
				INFOPLIST_KEY_UIApplicationSupportsIndirectInputEvents = YES;
				INFOPLIST_KEY_UILaunchStoryboardName = LaunchScreen;
				INFOPLIST_KEY_UISupportedInterfaceOrientations_iPad = "UIInterfaceOrientationPortrait UIInterfaceOrientationPortraitUpsideDown UIInterfaceOrientationLandscapeLeft UIInterfaceOrientationLandscapeRight";
				INFOPLIST_KEY_UISupportedInterfaceOrientations_iPhone = "UIInterfaceOrientationPortrait UIInterfaceOrientationLandscapeLeft UIInterfaceOrientationLandscapeRight";
				IPHONEOS_DEPLOYMENT_TARGET = 14.0;
				LD_RUNPATH_SEARCH_PATHS = (
					"$(inherited)",
					"@executable_path/Frameworks",
				);
				MARKETING_VERSION = 1.0;
				PRODUCT_BUNDLE_IDENTIFIER = oscargarrucho.Bemobile;
				PRODUCT_NAME = "$(TARGET_NAME)";
				SWIFT_EMIT_LOC_STRINGS = YES;
				SWIFT_VERSION = 5.0;
				TARGETED_DEVICE_FAMILY = "1,2";
			};
			name = Release;
		};
		5536139B29825862001469FC /* Debug */ = {
			isa = XCBuildConfiguration;
			buildSettings = {
				ALWAYS_EMBED_SWIFT_STANDARD_LIBRARIES = YES;
				BUNDLE_LOADER = "$(TEST_HOST)";
				CODE_SIGN_STYLE = Automatic;
				CURRENT_PROJECT_VERSION = 1;
				GENERATE_INFOPLIST_FILE = YES;
				IPHONEOS_DEPLOYMENT_TARGET = 16.2;
				MARKETING_VERSION = 1.0;
				PRODUCT_BUNDLE_IDENTIFIER = oscargarrucho.BemobileTests;
				PRODUCT_NAME = "$(TARGET_NAME)";
				SWIFT_EMIT_LOC_STRINGS = NO;
				SWIFT_VERSION = 5.0;
				TARGETED_DEVICE_FAMILY = "1,2";
				TEST_HOST = "$(BUILT_PRODUCTS_DIR)/Bemobile.app/$(BUNDLE_EXECUTABLE_FOLDER_PATH)/Bemobile";
			};
			name = Debug;
		};
		5536139C29825862001469FC /* Release */ = {
			isa = XCBuildConfiguration;
			buildSettings = {
				ALWAYS_EMBED_SWIFT_STANDARD_LIBRARIES = YES;
				BUNDLE_LOADER = "$(TEST_HOST)";
				CODE_SIGN_STYLE = Automatic;
				CURRENT_PROJECT_VERSION = 1;
				GENERATE_INFOPLIST_FILE = YES;
				IPHONEOS_DEPLOYMENT_TARGET = 16.2;
				MARKETING_VERSION = 1.0;
				PRODUCT_BUNDLE_IDENTIFIER = oscargarrucho.BemobileTests;
				PRODUCT_NAME = "$(TARGET_NAME)";
				SWIFT_EMIT_LOC_STRINGS = NO;
				SWIFT_VERSION = 5.0;
				TARGETED_DEVICE_FAMILY = "1,2";
				TEST_HOST = "$(BUILT_PRODUCTS_DIR)/Bemobile.app/$(BUNDLE_EXECUTABLE_FOLDER_PATH)/Bemobile";
			};
			name = Release;
		};
		5536139E29825862001469FC /* Debug */ = {
			isa = XCBuildConfiguration;
			buildSettings = {
				ALWAYS_EMBED_SWIFT_STANDARD_LIBRARIES = YES;
				CODE_SIGN_STYLE = Automatic;
				CURRENT_PROJECT_VERSION = 1;
				GENERATE_INFOPLIST_FILE = YES;
				MARKETING_VERSION = 1.0;
				PRODUCT_BUNDLE_IDENTIFIER = oscargarrucho.BemobileUITests;
				PRODUCT_NAME = "$(TARGET_NAME)";
				SWIFT_EMIT_LOC_STRINGS = NO;
				SWIFT_VERSION = 5.0;
				TARGETED_DEVICE_FAMILY = "1,2";
				TEST_TARGET_NAME = Bemobile;
			};
			name = Debug;
		};
		5536139F29825862001469FC /* Release */ = {
			isa = XCBuildConfiguration;
			buildSettings = {
				ALWAYS_EMBED_SWIFT_STANDARD_LIBRARIES = YES;
				CODE_SIGN_STYLE = Automatic;
				CURRENT_PROJECT_VERSION = 1;
				GENERATE_INFOPLIST_FILE = YES;
				MARKETING_VERSION = 1.0;
				PRODUCT_BUNDLE_IDENTIFIER = oscargarrucho.BemobileUITests;
				PRODUCT_NAME = "$(TARGET_NAME)";
				SWIFT_EMIT_LOC_STRINGS = NO;
				SWIFT_VERSION = 5.0;
				TARGETED_DEVICE_FAMILY = "1,2";
				TEST_TARGET_NAME = Bemobile;
			};
			name = Release;
		};
/* End XCBuildConfiguration section */

/* Begin XCConfigurationList section */
		553613682982585F001469FC /* Build configuration list for PBXProject "Bemobile" */ = {
			isa = XCConfigurationList;
			buildConfigurations = (
				5536139529825862001469FC /* Debug */,
				5536139629825862001469FC /* Release */,
			);
			defaultConfigurationIsVisible = 0;
			defaultConfigurationName = Release;
		};
		5536139729825862001469FC /* Build configuration list for PBXNativeTarget "Bemobile" */ = {
			isa = XCConfigurationList;
			buildConfigurations = (
				5536139829825862001469FC /* Debug */,
				5536139929825862001469FC /* Release */,
			);
			defaultConfigurationIsVisible = 0;
			defaultConfigurationName = Release;
		};
		5536139A29825862001469FC /* Build configuration list for PBXNativeTarget "BemobileTests" */ = {
			isa = XCConfigurationList;
			buildConfigurations = (
				5536139B29825862001469FC /* Debug */,
				5536139C29825862001469FC /* Release */,
			);
			defaultConfigurationIsVisible = 0;
			defaultConfigurationName = Release;
		};
		5536139D29825862001469FC /* Build configuration list for PBXNativeTarget "BemobileUITests" */ = {
			isa = XCConfigurationList;
			buildConfigurations = (
				5536139E29825862001469FC /* Debug */,
				5536139F29825862001469FC /* Release */,
			);
			defaultConfigurationIsVisible = 0;
			defaultConfigurationName = Release;
		};
/* End XCConfigurationList section */
	};
	rootObject = 553613652982585F001469FC /* Project object */;
}
